
Microsoft Visual Studio Solution File, Format Version 12.00
# Visual Studio Version 17
VisualStudioVersion = 17.7.34221.43
MinimumVisualStudioVersion = 10.0.40219.1
Project("{FAE04EC0-301F-11D3-BF4B-00C04F79EFBC}") = "FinancialTracker", "FinancialTracker\FinancialTracker.csproj", "{1757B2E7-C8C4-428D-8167-3E8227E814D0}"
EndProject
Global
	GlobalSection(SolutionConfigurationPlatforms) = preSolution
		Debug|Any CPU = Debug|Any CPU
		Release|Any CPU = Release|Any CPU
	EndGlobalSection
	GlobalSection(ProjectConfigurationPlatforms) = postSolution
		{1757B2E7-C8C4-428D-8167-3E8227E814D0}.Debug|Any CPU.ActiveCfg = Debug|Any CPU
		{1757B2E7-C8C4-428D-8167-3E8227E814D0}.Debug|Any CPU.Build.0 = Debug|Any CPU
		{1757B2E7-C8C4-428D-8167-3E8227E814D0}.Release|Any CPU.ActiveCfg = Release|Any CPU
		{1757B2E7-C8C4-428D-8167-3E8227E814D0}.Release|Any CPU.Build.0 = Release|Any CPU
	EndGlobalSection
	GlobalSection(SolutionProperties) = preSolution
		HideSolutionNode = FALSE
	EndGlobalSection
	GlobalSection(ExtensibilityGlobals) = postSolution
		SolutionGuid = {FFED6582-14AB-46A8-BD88-08BA6AD0F9EC}
	EndGlobalSection
EndGlobal
